
Microsoft Visual Studio Solution File, Format Version 12.00
# Visual Studio Version 16
VisualStudioVersion = 16.0.31911.196
MinimumVisualStudioVersion = 10.0.40219.1
Project("{9A19103F-16F7-4668-BE54-9A1E7A4F7556}") = "HistoryServer", "HistoryServer.csproj", "{4DCB92D6-A132-4853-8FED-30563784897A}"
EndProject
Global
	GlobalSection(SolutionConfigurationPlatforms) = preSolution
		Debug|Any CPU = Debug|Any CPU
		Release|Any CPU = Release|Any CPU
	EndGlobalSection
	GlobalSection(ProjectConfigurationPlatforms) = postSolution
		{4DCB92D6-A132-4853-8FED-30563784897A}.Debug|Any CPU.ActiveCfg = Debug|Any CPU
		{4DCB92D6-A132-4853-8FED-30563784897A}.Debug|Any CPU.Build.0 = Debug|Any CPU
		{4DCB92D6-A132-4853-8FED-30563784897A}.Release|Any CPU.ActiveCfg = Release|Any CPU
		{4DCB92D6-A132-4853-8FED-30563784897A}.Release|Any CPU.Build.0 = Release|Any CPU
	EndGlobalSection
	GlobalSection(SolutionProperties) = preSolution
		HideSolutionNode = FALSE
	EndGlobalSection
	GlobalSection(ExtensibilityGlobals) = postSolution
		SolutionGuid = {437D4DAE-9894-471E-A22E-E1C7347DC1F8}
	EndGlobalSection
EndGlobal
